
Microsoft Visual Studio Solution File, Format Version 12.00
# Visual Studio Version 17
VisualStudioVersion = 17.1.32319.34
MinimumVisualStudioVersion = 10.0.40219.1
Project("{FAE04EC0-301F-11D3-BF4B-00C04F79EFBC}") = "UdemyAssignment29", "UdemyAssignment29\UdemyAssignment29.csproj", "{1B21F89C-A38E-45F9-BB35-FFFE2872342D}"
EndProject
Global
	GlobalSection(SolutionConfigurationPlatforms) = preSolution
		Debug|Any CPU = Debug|Any CPU
		Release|Any CPU = Release|Any CPU
	EndGlobalSection
	GlobalSection(ProjectConfigurationPlatforms) = postSolution
		{1B21F89C-A38E-45F9-BB35-FFFE2872342D}.Debug|Any CPU.ActiveCfg = Debug|Any CPU
		{1B21F89C-A38E-45F9-BB35-FFFE2872342D}.Debug|Any CPU.Build.0 = Debug|Any CPU
		{1B21F89C-A38E-45F9-BB35-FFFE2872342D}.Release|Any CPU.ActiveCfg = Release|Any CPU
		{1B21F89C-A38E-45F9-BB35-FFFE2872342D}.Release|Any CPU.Build.0 = Release|Any CPU
	EndGlobalSection
	GlobalSection(SolutionProperties) = preSolution
		HideSolutionNode = FALSE
	EndGlobalSection
	GlobalSection(ExtensibilityGlobals) = postSolution
		SolutionGuid = {F335A331-3131-4A63-9FFA-8C7A10EEF297}
	EndGlobalSection
EndGlobal
