
Microsoft Visual Studio Solution File, Format Version 12.00
# Visual Studio Version 17
VisualStudioVersion = 17.1.32319.34
MinimumVisualStudioVersion = 10.0.40219.1
Project("{FAE04EC0-301F-11D3-BF4B-00C04F79EFBC}") = "UdemyAssignment34", "UdemyAssignment34\UdemyAssignment34.csproj", "{C98A3E8D-29B6-49D9-B9D9-4C9DD045568E}"
EndProject
Global
	GlobalSection(SolutionConfigurationPlatforms) = preSolution
		Debug|Any CPU = Debug|Any CPU
		Release|Any CPU = Release|Any CPU
	EndGlobalSection
	GlobalSection(ProjectConfigurationPlatforms) = postSolution
		{C98A3E8D-29B6-49D9-B9D9-4C9DD045568E}.Debug|Any CPU.ActiveCfg = Debug|Any CPU
		{C98A3E8D-29B6-49D9-B9D9-4C9DD045568E}.Debug|Any CPU.Build.0 = Debug|Any CPU
		{C98A3E8D-29B6-49D9-B9D9-4C9DD045568E}.Release|Any CPU.ActiveCfg = Release|Any CPU
		{C98A3E8D-29B6-49D9-B9D9-4C9DD045568E}.Release|Any CPU.Build.0 = Release|Any CPU
	EndGlobalSection
	GlobalSection(SolutionProperties) = preSolution
		HideSolutionNode = FALSE
	EndGlobalSection
	GlobalSection(ExtensibilityGlobals) = postSolution
		SolutionGuid = {4ECE524C-A25D-4888-B66F-C156C247B4AD}
	EndGlobalSection
EndGlobal
