
Microsoft Visual Studio Solution File, Format Version 12.00
# Visual Studio Version 17
VisualStudioVersion = 17.1.32319.34
MinimumVisualStudioVersion = 10.0.40219.1
Project("{FAE04EC0-301F-11D3-BF4B-00C04F79EFBC}") = "UdemyAssignment38", "UdemyAssignment38\UdemyAssignment38.csproj", "{F39226A8-9D60-4391-9114-3C280513CB34}"
EndProject
Global
	GlobalSection(SolutionConfigurationPlatforms) = preSolution
		Debug|Any CPU = Debug|Any CPU
		Release|Any CPU = Release|Any CPU
	EndGlobalSection
	GlobalSection(ProjectConfigurationPlatforms) = postSolution
		{F39226A8-9D60-4391-9114-3C280513CB34}.Debug|Any CPU.ActiveCfg = Debug|Any CPU
		{F39226A8-9D60-4391-9114-3C280513CB34}.Debug|Any CPU.Build.0 = Debug|Any CPU
		{F39226A8-9D60-4391-9114-3C280513CB34}.Release|Any CPU.ActiveCfg = Release|Any CPU
		{F39226A8-9D60-4391-9114-3C280513CB34}.Release|Any CPU.Build.0 = Release|Any CPU
	EndGlobalSection
	GlobalSection(SolutionProperties) = preSolution
		HideSolutionNode = FALSE
	EndGlobalSection
	GlobalSection(ExtensibilityGlobals) = postSolution
		SolutionGuid = {ACB03B93-A99E-4ECC-B679-50219891F4B9}
	EndGlobalSection
EndGlobal
