
Microsoft Visual Studio Solution File, Format Version 12.00
# Visual Studio Version 17
VisualStudioVersion = 17.1.32319.34
MinimumVisualStudioVersion = 10.0.40219.1
Project("{FAE04EC0-301F-11D3-BF4B-00C04F79EFBC}") = "UdemyAssignment56", "UdemyAssignment56\UdemyAssignment56.csproj", "{9CB7CBB1-93DA-4049-AAFB-03C29B3E22C5}"
EndProject
Global
	GlobalSection(SolutionConfigurationPlatforms) = preSolution
		Debug|Any CPU = Debug|Any CPU
		Release|Any CPU = Release|Any CPU
	EndGlobalSection
	GlobalSection(ProjectConfigurationPlatforms) = postSolution
		{9CB7CBB1-93DA-4049-AAFB-03C29B3E22C5}.Debug|Any CPU.ActiveCfg = Debug|Any CPU
		{9CB7CBB1-93DA-4049-AAFB-03C29B3E22C5}.Debug|Any CPU.Build.0 = Debug|Any CPU
		{9CB7CBB1-93DA-4049-AAFB-03C29B3E22C5}.Release|Any CPU.ActiveCfg = Release|Any CPU
		{9CB7CBB1-93DA-4049-AAFB-03C29B3E22C5}.Release|Any CPU.Build.0 = Release|Any CPU
	EndGlobalSection
	GlobalSection(SolutionProperties) = preSolution
		HideSolutionNode = FALSE
	EndGlobalSection
	GlobalSection(ExtensibilityGlobals) = postSolution
		SolutionGuid = {AAA4B20D-7B03-479C-9856-46195A829049}
	EndGlobalSection
EndGlobal
