
Microsoft Visual Studio Solution File, Format Version 12.00
# Visual Studio Version 17
VisualStudioVersion = 17.1.32319.34
MinimumVisualStudioVersion = 10.0.40219.1
Project("{FAE04EC0-301F-11D3-BF4B-00C04F79EFBC}") = "UdemyAssignment23", "UdemyAssignment23\UdemyAssignment23.csproj", "{732E0B22-ADAF-4252-B514-AE1BE20074AA}"
EndProject
Global
	GlobalSection(SolutionConfigurationPlatforms) = preSolution
		Debug|Any CPU = Debug|Any CPU
		Release|Any CPU = Release|Any CPU
	EndGlobalSection
	GlobalSection(ProjectConfigurationPlatforms) = postSolution
		{732E0B22-ADAF-4252-B514-AE1BE20074AA}.Debug|Any CPU.ActiveCfg = Debug|Any CPU
		{732E0B22-ADAF-4252-B514-AE1BE20074AA}.Debug|Any CPU.Build.0 = Debug|Any CPU
		{732E0B22-ADAF-4252-B514-AE1BE20074AA}.Release|Any CPU.ActiveCfg = Release|Any CPU
		{732E0B22-ADAF-4252-B514-AE1BE20074AA}.Release|Any CPU.Build.0 = Release|Any CPU
	EndGlobalSection
	GlobalSection(SolutionProperties) = preSolution
		HideSolutionNode = FALSE
	EndGlobalSection
	GlobalSection(ExtensibilityGlobals) = postSolution
		SolutionGuid = {A6600F4C-C1DC-4006-A9F0-6F32A10B626B}
	EndGlobalSection
EndGlobal
