
Microsoft Visual Studio Solution File, Format Version 12.00
# Visual Studio Version 17
VisualStudioVersion = 17.1.32319.34
MinimumVisualStudioVersion = 10.0.40219.1
Project("{FAE04EC0-301F-11D3-BF4B-00C04F79EFBC}") = "UdemyAssignment13", "UdemyAssignment13\UdemyAssignment13.csproj", "{D87628C4-D1E0-4BBA-9063-5EC7DF0C32D0}"
EndProject
Global
	GlobalSection(SolutionConfigurationPlatforms) = preSolution
		Debug|Any CPU = Debug|Any CPU
		Release|Any CPU = Release|Any CPU
	EndGlobalSection
	GlobalSection(ProjectConfigurationPlatforms) = postSolution
		{D87628C4-D1E0-4BBA-9063-5EC7DF0C32D0}.Debug|Any CPU.ActiveCfg = Debug|Any CPU
		{D87628C4-D1E0-4BBA-9063-5EC7DF0C32D0}.Debug|Any CPU.Build.0 = Debug|Any CPU
		{D87628C4-D1E0-4BBA-9063-5EC7DF0C32D0}.Release|Any CPU.ActiveCfg = Release|Any CPU
		{D87628C4-D1E0-4BBA-9063-5EC7DF0C32D0}.Release|Any CPU.Build.0 = Release|Any CPU
	EndGlobalSection
	GlobalSection(SolutionProperties) = preSolution
		HideSolutionNode = FALSE
	EndGlobalSection
	GlobalSection(ExtensibilityGlobals) = postSolution
		SolutionGuid = {57D33A94-5F61-49D2-80BC-160BF5322BAE}
	EndGlobalSection
EndGlobal
