
Microsoft Visual Studio Solution File, Format Version 12.00
# Visual Studio Version 17
VisualStudioVersion = 17.1.32319.34
MinimumVisualStudioVersion = 10.0.40219.1
Project("{FAE04EC0-301F-11D3-BF4B-00C04F79EFBC}") = "UdemyAssignment37", "UdemyAssignment37\UdemyAssignment37.csproj", "{CF8CC59F-7F4C-4549-88F6-9D8AB02DF8D2}"
EndProject
Global
	GlobalSection(SolutionConfigurationPlatforms) = preSolution
		Debug|Any CPU = Debug|Any CPU
		Release|Any CPU = Release|Any CPU
	EndGlobalSection
	GlobalSection(ProjectConfigurationPlatforms) = postSolution
		{CF8CC59F-7F4C-4549-88F6-9D8AB02DF8D2}.Debug|Any CPU.ActiveCfg = Debug|Any CPU
		{CF8CC59F-7F4C-4549-88F6-9D8AB02DF8D2}.Debug|Any CPU.Build.0 = Debug|Any CPU
		{CF8CC59F-7F4C-4549-88F6-9D8AB02DF8D2}.Release|Any CPU.ActiveCfg = Release|Any CPU
		{CF8CC59F-7F4C-4549-88F6-9D8AB02DF8D2}.Release|Any CPU.Build.0 = Release|Any CPU
	EndGlobalSection
	GlobalSection(SolutionProperties) = preSolution
		HideSolutionNode = FALSE
	EndGlobalSection
	GlobalSection(ExtensibilityGlobals) = postSolution
		SolutionGuid = {E81B7DB1-1285-46C4-B94A-AEB6322F51A8}
	EndGlobalSection
EndGlobal
