
Microsoft Visual Studio Solution File, Format Version 12.00
# Visual Studio Version 17
VisualStudioVersion = 17.1.32319.34
MinimumVisualStudioVersion = 10.0.40219.1
Project("{FAE04EC0-301F-11D3-BF4B-00C04F79EFBC}") = "UdemyAssignment49", "UdemyAssignment49\UdemyAssignment49.csproj", "{B4AB442F-6FB5-4488-8F79-3FF1657724ED}"
EndProject
Global
	GlobalSection(SolutionConfigurationPlatforms) = preSolution
		Debug|Any CPU = Debug|Any CPU
		Release|Any CPU = Release|Any CPU
	EndGlobalSection
	GlobalSection(ProjectConfigurationPlatforms) = postSolution
		{B4AB442F-6FB5-4488-8F79-3FF1657724ED}.Debug|Any CPU.ActiveCfg = Debug|Any CPU
		{B4AB442F-6FB5-4488-8F79-3FF1657724ED}.Debug|Any CPU.Build.0 = Debug|Any CPU
		{B4AB442F-6FB5-4488-8F79-3FF1657724ED}.Release|Any CPU.ActiveCfg = Release|Any CPU
		{B4AB442F-6FB5-4488-8F79-3FF1657724ED}.Release|Any CPU.Build.0 = Release|Any CPU
	EndGlobalSection
	GlobalSection(SolutionProperties) = preSolution
		HideSolutionNode = FALSE
	EndGlobalSection
	GlobalSection(ExtensibilityGlobals) = postSolution
		SolutionGuid = {C69E2228-EB5F-45F4-98E9-0FFA82C854F0}
	EndGlobalSection
EndGlobal
