
Microsoft Visual Studio Solution File, Format Version 12.00
# Visual Studio Version 17
VisualStudioVersion = 17.1.32319.34
MinimumVisualStudioVersion = 10.0.40219.1
Project("{FAE04EC0-301F-11D3-BF4B-00C04F79EFBC}") = "UdemyAssignment31", "UdemyAssignment31\UdemyAssignment31.csproj", "{AA6E45F0-3F69-44CC-8CB1-E65CB6AAB27F}"
EndProject
Global
	GlobalSection(SolutionConfigurationPlatforms) = preSolution
		Debug|Any CPU = Debug|Any CPU
		Release|Any CPU = Release|Any CPU
	EndGlobalSection
	GlobalSection(ProjectConfigurationPlatforms) = postSolution
		{AA6E45F0-3F69-44CC-8CB1-E65CB6AAB27F}.Debug|Any CPU.ActiveCfg = Debug|Any CPU
		{AA6E45F0-3F69-44CC-8CB1-E65CB6AAB27F}.Debug|Any CPU.Build.0 = Debug|Any CPU
		{AA6E45F0-3F69-44CC-8CB1-E65CB6AAB27F}.Release|Any CPU.ActiveCfg = Release|Any CPU
		{AA6E45F0-3F69-44CC-8CB1-E65CB6AAB27F}.Release|Any CPU.Build.0 = Release|Any CPU
	EndGlobalSection
	GlobalSection(SolutionProperties) = preSolution
		HideSolutionNode = FALSE
	EndGlobalSection
	GlobalSection(ExtensibilityGlobals) = postSolution
		SolutionGuid = {2EAE7AF4-4E4C-4281-B021-5F6FAE425733}
	EndGlobalSection
EndGlobal
