
Microsoft Visual Studio Solution File, Format Version 12.00
# Visual Studio Version 17
VisualStudioVersion = 17.1.32319.34
MinimumVisualStudioVersion = 10.0.40219.1
Project("{FAE04EC0-301F-11D3-BF4B-00C04F79EFBC}") = "UdemyAssignment52", "UdemyAssignment52\UdemyAssignment52.csproj", "{8F80DDF3-CB5A-4D2D-ADD3-AEE66326A628}"
EndProject
Global
	GlobalSection(SolutionConfigurationPlatforms) = preSolution
		Debug|Any CPU = Debug|Any CPU
		Release|Any CPU = Release|Any CPU
	EndGlobalSection
	GlobalSection(ProjectConfigurationPlatforms) = postSolution
		{8F80DDF3-CB5A-4D2D-ADD3-AEE66326A628}.Debug|Any CPU.ActiveCfg = Debug|Any CPU
		{8F80DDF3-CB5A-4D2D-ADD3-AEE66326A628}.Debug|Any CPU.Build.0 = Debug|Any CPU
		{8F80DDF3-CB5A-4D2D-ADD3-AEE66326A628}.Release|Any CPU.ActiveCfg = Release|Any CPU
		{8F80DDF3-CB5A-4D2D-ADD3-AEE66326A628}.Release|Any CPU.Build.0 = Release|Any CPU
	EndGlobalSection
	GlobalSection(SolutionProperties) = preSolution
		HideSolutionNode = FALSE
	EndGlobalSection
	GlobalSection(ExtensibilityGlobals) = postSolution
		SolutionGuid = {840201D1-3B3D-4B48-A63D-E30BF01EF4F3}
	EndGlobalSection
EndGlobal
